
Microsoft Visual Studio Solution File, Format Version 12.00
# Visual Studio Version 17
VisualStudioVersion = 17.8.34511.84
MinimumVisualStudioVersion = 10.0.40219.1
Project("{FAE04EC0-301F-11D3-BF4B-00C04F79EFBC}") = "TesseractOCRTest", "TesseractOCRTest\TesseractOCRTest.csproj", "{4083E496-FED1-4EF5-AE2F-6B68AA38F826}"
EndProject
Global
	GlobalSection(SolutionConfigurationPlatforms) = preSolution
		Debug|Any CPU = Debug|Any CPU
		Release|Any CPU = Release|Any CPU
	EndGlobalSection
	GlobalSection(ProjectConfigurationPlatforms) = postSolution
		{4083E496-FED1-4EF5-AE2F-6B68AA38F826}.Debug|Any CPU.ActiveCfg = Debug|Any CPU
		{4083E496-FED1-4EF5-AE2F-6B68AA38F826}.Debug|Any CPU.Build.0 = Debug|Any CPU
		{4083E496-FED1-4EF5-AE2F-6B68AA38F826}.Release|Any CPU.ActiveCfg = Release|Any CPU
		{4083E496-FED1-4EF5-AE2F-6B68AA38F826}.Release|Any CPU.Build.0 = Release|Any CPU
	EndGlobalSection
	GlobalSection(SolutionProperties) = preSolution
		HideSolutionNode = FALSE
	EndGlobalSection
	GlobalSection(ExtensibilityGlobals) = postSolution
		SolutionGuid = {FE3E5B5C-5993-452B-A6A4-D226C54858C2}
	EndGlobalSection
EndGlobal
